{
  "name": "backend-assigment",
  "version": "1.0.0",
  "lockfileVersion": 3,
  "requires": true,
  "packages": {
    "": {
      "name": "backend-assigment",
      "version": "1.0.0",
      "license": "ISC",
      "dependencies": {
        "is-prime": "^1.0.1"
      }
    },
    "node_modules/is-finite": {
      "version": "1.1.0",
      "resolved": "https://registry.npmjs.org/is-finite/-/is-finite-1.1.0.tgz",
      "integrity": "sha512-cdyMtqX/BOqqNBBiKlIVkytNHm49MtMlYyn1zxzvJKWmFMlGzm+ry5BBfYyeY9YmNKbRSo/o7OX9w9ale0wg3w==",
      "license": "MIT",
      "engines": {
        "node": ">=0.10.0"
      },
      "funding": {
        "url": "https://github.com/sponsors/sindresorhus"
      }
    },
    "node_modules/is-prime": {
      "version": "1.0.1",
      "resolved": "https://registry.npmjs.org/is-prime/-/is-prime-1.0.1.tgz",
      "integrity": "sha512-2jEq1bckTvaKN6DVbq+6C8ecqJevQWtUgGOoED26S8nUr2+efYvRKlaYnj3Vx4mEFyAaE9PYfkRlMBEzJMLKpg==",
      "license": "MIT",
      "dependencies": {
        "number-is-integer": "*"
      },
      "engines": {
        "node": ">=0.10.0"
      }
    },
    "node_modules/number-is-integer": {
      "version": "1.0.1",
      "resolved": "https://registry.npmjs.org/number-is-integer/-/number-is-integer-1.0.1.tgz",
      "integrity": "sha512-Dq3iuiFBkrbmuQjGFFF3zckXNCQoSD37/SdSbgcBailUx6knDvDwb5CympBgcoWHy36sfS12u74MHYkXyHq6bg==",
      "license": "MIT",
      "dependencies": {
        "is-finite": "^1.0.1"
      },
      "engines": {
        "node": ">=0.10.0"
      }
    }
  }
}
